
Microsoft Visual Studio Solution File, Format Version 12.00
# Visual Studio Version 17
VisualStudioVersion = 17.3.32825.248
MinimumVisualStudioVersion = 10.0.40219.1
Project("{FAE04EC0-301F-11D3-BF4B-00C04F79EFBC}") = "JaclynVergaraSchultzAssign1", "JaclynVergaraSchultzAssign1\JaclynVergaraSchultzAssign1.csproj", "{EE112FE6-25AC-4A5F-9A86-8876589C96E3}"
EndProject
Global
	GlobalSection(SolutionConfigurationPlatforms) = preSolution
		Debug|Any CPU = Debug|Any CPU
		Release|Any CPU = Release|Any CPU
	EndGlobalSection
	GlobalSection(ProjectConfigurationPlatforms) = postSolution
		{EE112FE6-25AC-4A5F-9A86-8876589C96E3}.Debug|Any CPU.ActiveCfg = Debug|Any CPU
		{EE112FE6-25AC-4A5F-9A86-8876589C96E3}.Debug|Any CPU.Build.0 = Debug|Any CPU
		{EE112FE6-25AC-4A5F-9A86-8876589C96E3}.Release|Any CPU.ActiveCfg = Release|Any CPU
		{EE112FE6-25AC-4A5F-9A86-8876589C96E3}.Release|Any CPU.Build.0 = Release|Any CPU
	EndGlobalSection
	GlobalSection(SolutionProperties) = preSolution
		HideSolutionNode = FALSE
	EndGlobalSection
	GlobalSection(ExtensibilityGlobals) = postSolution
		SolutionGuid = {43B902C7-FA79-4D11-9E59-05E417D2F229}
	EndGlobalSection
EndGlobal
